
Microsoft Visual Studio Solution File, Format Version 12.00
# Visual Studio Version 16
VisualStudioVersion = 16.0.31911.196
MinimumVisualStudioVersion = 10.0.40219.1
Project("{888888A0-9F3D-457C-B088-3A5042F75D52}") = "Python_AssigningMultipleValues", "Python_AssigningMultipleValues.pyproj", "{469F7BF9-2AD5-40EC-BDA3-3FD4B200D7C2}"
EndProject
Global
	GlobalSection(SolutionConfigurationPlatforms) = preSolution
		Debug|Any CPU = Debug|Any CPU
		Release|Any CPU = Release|Any CPU
	EndGlobalSection
	GlobalSection(ProjectConfigurationPlatforms) = postSolution
		{469F7BF9-2AD5-40EC-BDA3-3FD4B200D7C2}.Debug|Any CPU.ActiveCfg = Debug|Any CPU
		{469F7BF9-2AD5-40EC-BDA3-3FD4B200D7C2}.Release|Any CPU.ActiveCfg = Release|Any CPU
	EndGlobalSection
	GlobalSection(SolutionProperties) = preSolution
		HideSolutionNode = FALSE
	EndGlobalSection
	GlobalSection(ExtensibilityGlobals) = postSolution
		SolutionGuid = {89FD803D-3BD4-49CE-92DC-2649F5C974CE}
	EndGlobalSection
EndGlobal
