
Microsoft Visual Studio Solution File, Format Version 12.00
# Visual Studio Version 16
VisualStudioVersion = 16.0.31911.196
MinimumVisualStudioVersion = 10.0.40219.1
Project("{888888A0-9F3D-457C-B088-3A5042F75D52}") = "Python_UnpackingCollection", "Python_UnpackingCollection.pyproj", "{E359FC1E-E157-4275-8AF5-EB71503A36B0}"
EndProject
Global
	GlobalSection(SolutionConfigurationPlatforms) = preSolution
		Debug|Any CPU = Debug|Any CPU
		Release|Any CPU = Release|Any CPU
	EndGlobalSection
	GlobalSection(ProjectConfigurationPlatforms) = postSolution
		{E359FC1E-E157-4275-8AF5-EB71503A36B0}.Debug|Any CPU.ActiveCfg = Debug|Any CPU
		{E359FC1E-E157-4275-8AF5-EB71503A36B0}.Release|Any CPU.ActiveCfg = Release|Any CPU
	EndGlobalSection
	GlobalSection(SolutionProperties) = preSolution
		HideSolutionNode = FALSE
	EndGlobalSection
	GlobalSection(ExtensibilityGlobals) = postSolution
		SolutionGuid = {8A8B3A07-CABC-4672-B5D5-5666FBE1CBD4}
	EndGlobalSection
EndGlobal
