
Microsoft Visual Studio Solution File, Format Version 12.00
# Visual Studio Version 16
VisualStudioVersion = 16.0.31911.196
MinimumVisualStudioVersion = 10.0.40219.1
Project("{888888A0-9F3D-457C-B088-3A5042F75D52}") = "Python_Casting", "Python_Casting.pyproj", "{22143BAF-6E87-49C9-8417-4BE85BEDDC0E}"
EndProject
Global
	GlobalSection(SolutionConfigurationPlatforms) = preSolution
		Debug|Any CPU = Debug|Any CPU
		Release|Any CPU = Release|Any CPU
	EndGlobalSection
	GlobalSection(ProjectConfigurationPlatforms) = postSolution
		{22143BAF-6E87-49C9-8417-4BE85BEDDC0E}.Debug|Any CPU.ActiveCfg = Debug|Any CPU
		{22143BAF-6E87-49C9-8417-4BE85BEDDC0E}.Release|Any CPU.ActiveCfg = Release|Any CPU
	EndGlobalSection
	GlobalSection(SolutionProperties) = preSolution
		HideSolutionNode = FALSE
	EndGlobalSection
	GlobalSection(ExtensibilityGlobals) = postSolution
		SolutionGuid = {AD4A31F2-98D4-4D47-A16C-6A628F027D8F}
	EndGlobalSection
EndGlobal
